
Microsoft Visual Studio Solution File, Format Version 12.00
# Visual Studio Version 17
VisualStudioVersion = 17.3.32819.101
MinimumVisualStudioVersion = 10.0.40219.1
Project("{FAE04EC0-301F-11D3-BF4B-00C04F79EFBC}") = "DotNetpadUI", "DotNetpadUI\DotNetpadUI.csproj", "{0BCA4DE6-610C-4002-8083-8CE6D14BC3C2}"
EndProject
Project("{FAE04EC0-301F-11D3-BF4B-00C04F79EFBC}") = "Engine", "Engine\Engine.csproj", "{55AED467-06E3-48F8-B310-C246DEAFB0C6}"
EndProject
Global
	GlobalSection(SolutionConfigurationPlatforms) = preSolution
		Debug|Any CPU = Debug|Any CPU
		Release|Any CPU = Release|Any CPU
	EndGlobalSection
	GlobalSection(ProjectConfigurationPlatforms) = postSolution
		{0BCA4DE6-610C-4002-8083-8CE6D14BC3C2}.Debug|Any CPU.ActiveCfg = Debug|Any CPU
		{0BCA4DE6-610C-4002-8083-8CE6D14BC3C2}.Debug|Any CPU.Build.0 = Debug|Any CPU
		{0BCA4DE6-610C-4002-8083-8CE6D14BC3C2}.Release|Any CPU.ActiveCfg = Release|Any CPU
		{0BCA4DE6-610C-4002-8083-8CE6D14BC3C2}.Release|Any CPU.Build.0 = Release|Any CPU
		{55AED467-06E3-48F8-B310-C246DEAFB0C6}.Debug|Any CPU.ActiveCfg = Debug|Any CPU
		{55AED467-06E3-48F8-B310-C246DEAFB0C6}.Debug|Any CPU.Build.0 = Debug|Any CPU
		{55AED467-06E3-48F8-B310-C246DEAFB0C6}.Release|Any CPU.ActiveCfg = Release|Any CPU
		{55AED467-06E3-48F8-B310-C246DEAFB0C6}.Release|Any CPU.Build.0 = Release|Any CPU
	EndGlobalSection
	GlobalSection(SolutionProperties) = preSolution
		HideSolutionNode = FALSE
	EndGlobalSection
	GlobalSection(ExtensibilityGlobals) = postSolution
		SolutionGuid = {ADF871F1-9E50-44EC-BE70-15C40E537B42}
	EndGlobalSection
EndGlobal
